{
  "version": "5",
  "specifiers": {
    "jsr:@growthbook/growthbook@*": "1.2.2",
    "jsr:@growthbook/growthbook@1.2.2": "1.2.2",
    "jsr:@libs/xml@6.0.4": "6.0.4",
    "jsr:@oak/commons@0.10": "0.10.2",
    "jsr:@oak/commons@1": "1.0.0",
    "jsr:@oak/oak@17.1.4": "17.1.4",
    "jsr:@onjara/optic@*": "2.0.3",
    "jsr:@onjara/optic@2.0.3": "2.0.3",
    "jsr:@rebeccastevens/deepmerge@7.1.5": "7.1.5",
    "jsr:@std/assert@1": "1.0.11",
    "jsr:@std/assert@1.0.11": "1.0.11",
    "jsr:@std/assert@^1.0.10": "1.0.11",
    "jsr:@std/bytes@1": "1.0.5",
    "jsr:@std/cli@^1.0.12": "1.0.13",
    "jsr:@std/cli@^1.0.6": "1.0.6",
    "jsr:@std/collections@1.0.10": "1.0.10",
    "jsr:@std/crypto@1": "1.0.4",
    "jsr:@std/dotenv@0.225.3": "0.225.3",
    "jsr:@std/encoding@1": "1.0.7",
    "jsr:@std/encoding@^1.0.5": "1.0.5",
    "jsr:@std/encoding@^1.0.7": "1.0.7",
    "jsr:@std/fmt@^1.0.2": "1.0.5",
    "jsr:@std/fmt@^1.0.3": "1.0.3",
    "jsr:@std/fmt@^1.0.5": "1.0.5",
    "jsr:@std/html@^1.0.3": "1.0.3",
    "jsr:@std/http@*": "1.0.9",
    "jsr:@std/http@1": "1.0.13",
    "jsr:@std/http@1.0.13": "1.0.13",
    "jsr:@std/internal@^1.0.5": "1.0.5",
    "jsr:@std/media-types@1": "1.1.0",
    "jsr:@std/media-types@^1.0.3": "1.0.3",
    "jsr:@std/media-types@^1.1.0": "1.1.0",
    "jsr:@std/net@^1.0.4": "1.0.4",
    "jsr:@std/path@1": "1.0.8",
    "jsr:@std/path@^1.0.7": "1.0.8",
    "jsr:@std/path@^1.0.8": "1.0.8",
    "jsr:@std/streams@^1.0.7": "1.0.8",
    "jsr:@std/streams@^1.0.8": "1.0.8",
    "jsr:@std/streams@^1.0.9": "1.0.9",
    "jsr:@std/testing@1.0.9": "1.0.9",
    "npm:@logtail/node@0.5.4": "0.5.4",
    "npm:@types/node@*": "22.5.4",
    "npm:dom-mutator@0.6": "0.6.0",
    "npm:mongodb@6.10.0": "6.10.0",
    "npm:mongodb@6.11.0": "6.11.0",
    "npm:mongodb@6.13.0": "6.13.0",
    "npm:mongodb@6.13.1": "6.13.1",
    "npm:mongodb@6.14.2": "6.14.2",
    "npm:mongodb@6.16.0": "6.16.0",
    "npm:path-to-regexp@^6.3.0": "6.3.0"
  },
  "jsr": {
    "@growthbook/growthbook@1.2.2": {
      "integrity": "12e31fd319094cac3c92a26bde429658b0fc254b57e4d50920b46097c88bae4d",
      "dependencies": [
        "npm:dom-mutator"
      ]
    },
    "@libs/xml@6.0.4": {
      "integrity": "c896f17016dbf5f2d62496e0bd6cd7db145c05987d0e45d4dd2c87785a60f528"
    },
    "@oak/commons@0.10.2": {
      "integrity": "f47aebe12c3c73372ebe96250dbcd469d11f9e9df0cd89169d245bf674a347d5"
    },
    "@oak/commons@1.0.0": {
      "integrity": "49805b55603c3627a9d6235c0655aa2b6222d3036b3a13ff0380c16368f607ac",
      "dependencies": [
        "jsr:@std/assert@1",
        "jsr:@std/bytes",
        "jsr:@std/crypto",
        "jsr:@std/encoding@1",
        "jsr:@std/http@1",
        "jsr:@std/media-types@1"
      ]
    },
    "@oak/oak@17.1.4": {
      "integrity": "60530b582bf276ff741e39cc664026781aa08dd5f2bc5134d756cc427bf2c13e",
      "dependencies": [
        "jsr:@oak/commons@1",
        "jsr:@std/assert@1",
        "jsr:@std/bytes",
        "jsr:@std/http@1",
        "jsr:@std/media-types@1",
        "jsr:@std/path@1",
        "npm:path-to-regexp"
      ]
    },
    "@onjara/optic@2.0.3": {
      "integrity": "b4bf8cae0820a3c3f362ba4d78939237fcfa23e3087bbd3f9fd3c883839820f1",
      "dependencies": [
        "jsr:@std/fmt@^1.0.2"
      ]
    },
    "@rebeccastevens/deepmerge@7.1.5": {
      "integrity": "edefc338e7ee643606002c0c532e3c652e86348ab577b9188b4c974afee7b421"
    },
    "@std/assert@1.0.11": {
      "integrity": "2461ef3c368fe88bc60e186e7744a93112f16fd110022e113a0849e94d1c83c1",
      "dependencies": [
        "jsr:@std/internal"
      ]
    },
    "@std/bytes@1.0.5": {
      "integrity": "4465dd739d7963d964c809202ebea6d5c6b8e3829ef25c6a224290fbb8a1021e"
    },
    "@std/cli@1.0.6": {
      "integrity": "d22d8b38c66c666d7ad1f2a66c5b122da1704f985d3c47f01129f05abb6c5d3d"
    },
    "@std/cli@1.0.13": {
      "integrity": "5db2d95ab2dca3bca9fb6ad3c19908c314e93d6391c8b026725e4892d4615a69"
    },
    "@std/collections@1.0.10": {
      "integrity": "903af106a3d92970d74e20f7ebff77d9658af9bef4403f1dc42a7801c0575899"
    },
    "@std/crypto@1.0.4": {
      "integrity": "cee245c453bd5366207f4d8aa25ea3e9c86cecad2be3fefcaa6cb17203d79340"
    },
    "@std/dotenv@0.225.3": {
      "integrity": "a95e5b812c27b0854c52acbae215856d9cce9d4bbf774d938c51d212711e8d4a"
    },
    "@std/encoding@1.0.5": {
      "integrity": "ecf363d4fc25bd85bd915ff6733a7e79b67e0e7806334af15f4645c569fefc04"
    },
    "@std/encoding@1.0.7": {
      "integrity": "f631247c1698fef289f2de9e2a33d571e46133b38d042905e3eac3715030a82d"
    },
    "@std/fmt@1.0.3": {
      "integrity": "97765c16aa32245ff4e2204ecf7d8562496a3cb8592340a80e7e554e0bb9149f"
    },
    "@std/fmt@1.0.5": {
      "integrity": "0cfab43364bc36650d83c425cd6d99910fc20c4576631149f0f987eddede1a4d"
    },
    "@std/html@1.0.3": {
      "integrity": "7a0ac35e050431fb49d44e61c8b8aac1ebd55937e0dc9ec6409aa4bab39a7988"
    },
    "@std/http@1.0.9": {
      "integrity": "d409fc319a5e8d4a154e576c758752e9700282d74f31357a12fec6420f9ecb6c",
      "dependencies": [
        "jsr:@std/cli@^1.0.6",
        "jsr:@std/encoding@^1.0.5",
        "jsr:@std/fmt@^1.0.3",
        "jsr:@std/media-types@^1.0.3",
        "jsr:@std/net",
        "jsr:@std/path@^1.0.7",
        "jsr:@std/streams@^1.0.7"
      ]
    },
    "@std/http@1.0.13": {
      "integrity": "d29618b982f7ae44380111f7e5b43da59b15db64101198bb5f77100d44eb1e1e",
      "dependencies": [
        "jsr:@std/cli@^1.0.12",
        "jsr:@std/encoding@^1.0.7",
        "jsr:@std/fmt@^1.0.5",
        "jsr:@std/html",
        "jsr:@std/media-types@^1.1.0",
        "jsr:@std/net",
        "jsr:@std/path@^1.0.8",
        "jsr:@std/streams@^1.0.9"
      ]
    },
    "@std/internal@1.0.5": {
      "integrity": "54a546004f769c1ac9e025abd15a76b6671ddc9687e2313b67376125650dc7ba"
    },
    "@std/media-types@1.0.3": {
      "integrity": "b12d30a7852f7578f4d210622df713bbfd1cbdd9b4ec2eaf5c1845ab70bab159"
    },
    "@std/media-types@1.1.0": {
      "integrity": "c9d093f0c05c3512932b330e3cc1fe1d627b301db33a4c2c2185c02471d6eaa4"
    },
    "@std/net@1.0.4": {
      "integrity": "2f403b455ebbccf83d8a027d29c5a9e3a2452fea39bb2da7f2c04af09c8bc852"
    },
    "@std/path@1.0.8": {
      "integrity": "548fa456bb6a04d3c1a1e7477986b6cffbce95102d0bb447c67c4ee70e0364be"
    },
    "@std/streams@1.0.8": {
      "integrity": "b41332d93d2cf6a82fe4ac2153b930adf1a859392931e2a19d9fabfb6f154fb3"
    },
    "@std/streams@1.0.9": {
      "integrity": "a9d26b1988cdd7aa7b1f4b51e1c36c1557f3f252880fa6cc5b9f37078b1a5035"
    },
    "@std/testing@1.0.9": {
      "integrity": "9bdd4ac07cb13e7594ac30e90f6ceef7254ac83a9aeaa089be0008f33aab5cd4",
      "dependencies": [
        "jsr:@std/assert@^1.0.10",
        "jsr:@std/internal"
      ]
    }
  },
  "npm": {
    "@logtail/core@0.5.4": {
      "integrity": "sha512-UlbxvUg5MDroqk6gEhtfKuuBShrvD/VaXl3T3jGU1U6I19Y1OwfB7e681LvH7RbsCAnOJFziM/7rMQib/CJTdg==",
      "dependencies": [
        "@logtail/tools",
        "@logtail/types",
        "serialize-error"
      ]
    },
    "@logtail/node@0.5.4": {
      "integrity": "sha512-PemcnkXRA3IBNTKKdELwhTNTmKluopuvGRKbd3ucNFYSmBGq+VBkxwISr43eS2cEidqHf0n9noGPS03PRhLlOw==",
      "dependencies": [
        "@logtail/core",
        "@logtail/types",
        "@msgpack/msgpack",
        "@types/stack-trace",
        "minimatch",
        "stack-trace"
      ]
    },
    "@logtail/tools@0.5.4": {
      "integrity": "sha512-S0PtfWOVVgvb36q8mLksMw910mO2TahDaqIYnUM/ZEYX+AwqKRGov4zt/X33zHRzCFVpSKoZFv7bFs8TBie/pQ==",
      "dependencies": [
        "@logtail/types"
      ]
    },
    "@logtail/types@0.5.3": {
      "integrity": "sha512-5uKf1xQ7wRqSW0lYIwDpXdXcFHxPKH5EM22MoEjwTpd8suymOYuEdx9qCCHCYey4uOhPq7x6OkZf86bTO83JsA=="
    },
    "@mongodb-js/saslprep@1.1.9": {
      "integrity": "sha512-tVkljjeEaAhCqTzajSdgbQ6gE6f3oneVwa3iXR6csiEwXXOFsiC6Uh9iAjAhXPtqa/XMDHWjjeNH/77m/Yq2dw==",
      "dependencies": [
        "sparse-bitfield"
      ]
    },
    "@msgpack/msgpack@2.8.0": {
      "integrity": "sha512-h9u4u/jiIRKbq25PM+zymTyW6bhTzELvOoUd+AvYriWOAKpLGnIamaET3pnHYoI5iYphAHBI4ayx0MehR+VVPQ=="
    },
    "@types/node@22.5.4": {
      "integrity": "sha512-FDuKUJQm/ju9fT/SeX/6+gBzoPzlVCzfzmGkwKvRHQVxi4BntVbyIwf6a4Xn62mrvndLiml6z/UBXIdEVjQLXg==",
      "dependencies": [
        "undici-types"
      ]
    },
    "@types/stack-trace@0.0.33": {
      "integrity": "sha512-O7in6531Bbvlb2KEsJ0dq0CHZvc3iWSR5ZYMtvGgnHA56VgriAN/AU2LorfmcvAl2xc9N5fbCTRyMRRl8nd74g=="
    },
    "@types/webidl-conversions@7.0.3": {
      "integrity": "sha512-CiJJvcRtIgzadHCYXw7dqEnMNRjhGZlYK05Mj9OyktqV8uVT8fD2BFOB7S1uwBE3Kj2Z+4UyPmFw/Ixgw/LAlA=="
    },
    "@types/whatwg-url@11.0.5": {
      "integrity": "sha512-coYR071JRaHa+xoEvvYqvnIHaVqaYrLPbsufM9BF63HkwI5Lgmy2QR8Q5K/lYDYo5AK82wOvSOS0UsLTpTG7uQ==",
      "dependencies": [
        "@types/webidl-conversions"
      ]
    },
    "balanced-match@1.0.2": {
      "integrity": "sha512-3oSeUO0TMV67hN1AmbXsK4yaqU7tjiHlbxRDZOpH0KW9+CeX4bRAaX0Anxt0tx2MrpRpWwQaPwIlISEJhYU5Pw=="
    },
    "brace-expansion@2.0.1": {
      "integrity": "sha512-XnAIvQ8eM+kC6aULx6wuQiwVsnzsi9d3WxzV3FpWTGA19F621kwdbsAcFKXgKUHZWsy+mY6iL1sHTxWEFCytDA==",
      "dependencies": [
        "balanced-match"
      ]
    },
    "bson@6.10.1": {
      "integrity": "sha512-P92xmHDQjSKPLHqFxefqMxASNq/aWJMEZugpCjf+AF/pgcUpMMQCg7t7+ewko0/u8AapvF3luf/FoehddEK+sA==",
      "deprecated": true
    },
    "bson@6.10.3": {
      "integrity": "sha512-MTxGsqgYTwfshYWTRdmZRC+M7FnG1b4y7RO7p2k3X24Wq0yv1m77Wsj0BzlPzd/IowgESfsruQCUToa7vbOpPQ=="
    },
    "bson@6.9.0": {
      "integrity": "sha512-X9hJeyeM0//Fus+0pc5dSUMhhrrmWwQUtdavaQeF3Ta6m69matZkGWV/MrBcnwUeLC8W9kwwc2hfkZgUuCX3Ig==",
      "deprecated": true
    },
    "dom-mutator@0.6.0": {
      "integrity": "sha512-iCt9o0aYfXMUkz/43ZOAUFQYotjGB+GNbYJiJdz4TgXkyToXbbRy5S6FbTp72lRBtfpUMwEc1KmpFEU4CZeoNg=="
    },
    "memory-pager@1.5.0": {
      "integrity": "sha512-ZS4Bp4r/Zoeq6+NLJpP+0Zzm0pR8whtGPf1XExKLJBAczGMnSi3It14OiNCStjQjM6NU1okjQGSxgEZN8eBYKg=="
    },
    "minimatch@9.0.5": {
      "integrity": "sha512-G6T0ZX48xgozx7587koeX9Ys2NYy6Gmv//P89sEte9V9whIapMNF4idKxnW2QtCcLiTWlb/wfCabAtAFWhhBow==",
      "dependencies": [
        "brace-expansion"
      ]
    },
    "mongodb-connection-string-url@3.0.1": {
      "integrity": "sha512-XqMGwRX0Lgn05TDB4PyG2h2kKO/FfWJyCzYQbIhXUxz7ETt0I/FqHjUeqj37irJ+Dl1ZtU82uYyj14u2XsZKfg==",
      "dependencies": [
        "@types/whatwg-url",
        "whatwg-url"
      ]
    },
    "mongodb@6.10.0": {
      "integrity": "sha512-gP9vduuYWb9ZkDM546M+MP2qKVk5ZG2wPF63OvSRuUbqCR+11ZCAE1mOfllhlAG0wcoJY5yDL/rV3OmYEwXIzg==",
      "dependencies": [
        "@mongodb-js/saslprep",
        "bson@6.9.0",
        "mongodb-connection-string-url"
      ]
    },
    "mongodb@6.11.0": {
      "integrity": "sha512-yVbPw0qT268YKhG241vAMLaDQAPbRyTgo++odSgGc9kXnzOujQI60Iyj23B9sQQFPSvmNPvMZ3dsFz0aN55KgA==",
      "dependencies": [
        "@mongodb-js/saslprep",
        "bson@6.10.1",
        "mongodb-connection-string-url"
      ]
    },
    "mongodb@6.13.0": {
      "integrity": "sha512-KeESYR5TEaFxOuwRqkOm3XOsMqCSkdeDMjaW5u2nuKfX7rqaofp7JQGoi7sVqQcNJTKuveNbzZtWMstb8ABP6Q==",
      "dependencies": [
        "@mongodb-js/saslprep",
        "bson@6.10.3",
        "mongodb-connection-string-url"
      ]
    },
    "mongodb@6.13.1": {
      "integrity": "sha512-gdq40tX8StmhP6akMp1pPoEVv+9jTYFSrga/g23JxajPAQhH39ysZrHGzQCSd9PEOnuEQEdjIWqxO7ZSwC0w7Q==",
      "dependencies": [
        "@mongodb-js/saslprep",
        "bson@6.10.3",
        "mongodb-connection-string-url"
      ]
    },
    "mongodb@6.14.2": {
      "integrity": "sha512-kMEHNo0F3P6QKDq17zcDuPeaywK/YaJVCEQRzPF3TOM/Bl9MFg64YE5Tu7ifj37qZJMhwU1tl2Ioivws5gRG5Q==",
      "dependencies": [
        "@mongodb-js/saslprep",
        "bson@6.10.3",
        "mongodb-connection-string-url"
      ]
    },
    "mongodb@6.16.0": {
      "integrity": "sha512-D1PNcdT0y4Grhou5Zi/qgipZOYeWrhLEpk33n3nm6LGtz61jvO88WlrWCK/bigMjpnOdAUKKQwsGIl0NtWMyYw==",
      "dependencies": [
        "@mongodb-js/saslprep",
        "bson@6.10.3",
        "mongodb-connection-string-url"
      ]
    },
    "path-to-regexp@6.3.0": {
      "integrity": "sha512-Yhpw4T9C6hPpgPeA28us07OJeqZ5EzQTkbfwuhsUg0c237RomFoETJgmp2sa3F/41gfLE6G5cqcYwznmeEeOlQ=="
    },
    "punycode@2.3.1": {
      "integrity": "sha512-vYt7UD1U9Wg6138shLtLOvdAu+8DsC/ilFtEVHcH+wydcSpNE20AfSOduf6MkRFahL5FY7X1oU7nKVZFtfq8Fg=="
    },
    "serialize-error@8.1.0": {
      "integrity": "sha512-3NnuWfM6vBYoy5gZFvHiYsVbafvI9vZv/+jlIigFn4oP4zjNPK3LhcY0xSCgeb1a5L8jO71Mit9LlNoi2UfDDQ==",
      "dependencies": [
        "type-fest"
      ]
    },
    "sparse-bitfield@3.0.3": {
      "integrity": "sha512-kvzhi7vqKTfkh0PZU+2D2PIllw2ymqJKujUcyPMd9Y75Nv4nPbGJZXNhxsgdQab2BmlDct1YnfQCguEvHr7VsQ==",
      "dependencies": [
        "memory-pager"
      ]
    },
    "stack-trace@0.0.10": {
      "integrity": "sha512-KGzahc7puUKkzyMt+IqAep+TVNbKP+k2Lmwhub39m1AsTSkaDutx56aDCo+HLDzf/D26BIHTJWNiTG1KAJiQCg=="
    },
    "tr46@4.1.1": {
      "integrity": "sha512-2lv/66T7e5yNyhAAC4NaKe5nVavzuGJQVVtRYLyQ2OI8tsJ61PMLlelehb0wi2Hx6+hT/OJUWZcw8MjlSRnxvw==",
      "dependencies": [
        "punycode"
      ]
    },
    "type-fest@0.20.2": {
      "integrity": "sha512-Ne+eE4r0/iWnpAxD852z3A+N0Bt5RN//NjJwRd2VFHEmrywxf5vsZlh4R6lixl6B+wz/8d+maTSAkN1FIkI3LQ=="
    },
    "undici-types@6.19.8": {
      "integrity": "sha512-ve2KP6f/JnbPBFyobGHuerC9g1FYGn/F8n1LWTwNxCEzd6IfqTwUQcNXgEtmmQ6DlRrC1hrSrBnCZPokRrDHjw=="
    },
    "webidl-conversions@7.0.0": {
      "integrity": "sha512-VwddBukDzu71offAQR975unBIGqfKZpM+8ZX6ySk8nYhVoo5CYaZyzt3YBvYtRtO+aoGlqxPg/B87NGVZ/fu6g=="
    },
    "whatwg-url@13.0.0": {
      "integrity": "sha512-9WWbymnqj57+XEuqADHrCJ2eSXzn8WXIW/YSGaZtb2WKAInQ6CHfaUUcTyyver0p8BDg5StLQq8h1vtZuwmOig==",
      "dependencies": [
        "tr46",
        "webidl-conversions"
      ]
    }
  },
  "workspace": {
    "dependencies": [
      "jsr:@growthbook/growthbook@1.2.2",
      "jsr:@libs/xml@6.0.4",
      "jsr:@oak/oak@17.1.4",
      "jsr:@onjara/optic@2.0.3",
      "jsr:@rebeccastevens/deepmerge@7.1.5",
      "jsr:@std/assert@1.0.11",
      "jsr:@std/collections@1.0.10",
      "jsr:@std/dotenv@0.225.3",
      "jsr:@std/http@1.0.13",
      "jsr:@std/testing@1.0.9",
      "npm:@logtail/node@0.5.4",
      "npm:@opentelemetry/api@1.9.0",
      "npm:mongodb@6.16.0"
    ]
  }
}
